PODS:
  - Flutter (1.0.0)
  - flutter_network_connectivity (0.0.1):
    - Flutter

DEPENDENCIES:
  - Flutter (from `Flutter`)
  - flutter_network_connectivity (from `.symlinks/plugins/flutter_network_connectivity/ios`)

EXTERNAL SOURCES:
  Flutter:
    :path: Flutter
  flutter_network_connectivity:
    :path: ".symlinks/plugins/flutter_network_connectivity/ios"

SPEC CHECKSUMS:
  Flutter: 50d75fe2f02b26cc09d224853bb45737f8b3214a
  flutter_network_connectivity: 4769b76bfc2f970ecfe3d9dbd5f23bb066f85a65

PODFILE CHECKSUM: aafe91acc616949ddb318b77800a7f51bffa2a4c

COCOAPODS: 1.10.1
